<?xml version="1.0" encoding="utf-8"?>
<Project ToolsVersion="4.0" xmlns="http://schemas.microsoft.com/developer/msbuild/2003">
  <ItemGroup>
    <Filter Include="Source Files">
      <UniqueIdentifier>{4FC737F1-C7A5-4376-A066-2A32D752A2FF}</UniqueIdentifier>
      <Extensions>cpp;c;cc;cxx;def;odl;idl;hpj;bat;asm;asmx</Extensions>
    </Filter>
    <Filter Include="Header Files">
      <UniqueIdentifier>{93995380-89BD-4b04-88EB-625FBE52EBFB}</UniqueIdentifier>
      <Extensions>h;hh;hpp;hxx;hm;inl;inc;xsd</Extensions>
    </Filter>
    <Filter Include="Resource Files">
      <UniqueIdentifier>{67DA6AB6-F800-4c08-8B7A-83BB121AAD01}</UniqueIdentifier>
      <Extensions>rc;ico;cur;bmp;dlg;rc2;rct;bin;rgs;gif;jpg;jpeg;jpe;resx;tiff;tif;png;wav;mfcribbon-ms</Extensions>
    </Filter>
    <Filter Include="Includes">
      <UniqueIdentifier>{602ad906-e7df-4e86-b47c-d0a65819f5c9}</UniqueIdentifier>
    </Filter>
    <Filter Include="Includes\extras">
      <UniqueIdentifier>{fb678a97-461c-4b76-bd10-65b30031352a}</UniqueIdentifier>
    </Filter>
    <Filter Include="Includes\extras\cmex">
      <UniqueIdentifier>{0d6ffe1e-7eb3-4cd1-b1ba-6b9ce00bad2f}</UniqueIdentifier>
    </Filter>
    <Filter Include="Includes\extras\async">
      <UniqueIdentifier>{6b93b091-b643-4184-86d4-6a3d807f5e87}</UniqueIdentifier>
    </Filter>
    <Filter Include="Includes\extras\SessionManager">
      <UniqueIdentifier>{a5d9e2c6-a3db-48e3-a2f3-af3d0dd9405a}</UniqueIdentifier>
    </Filter>
  </ItemGroup>
  <ItemGroup>
    <ClCompile Include="..\..\+ParticleTracking\radialcenter\radialcenterAsync.cpp">
      <Filter>Source Files</Filter>
    </ClCompile>
  </ItemGroup>
  <ItemGroup>
    <ClInclude Include="..\..\include\extras\Array.hpp">
      <Filter>Includes\extras</Filter>
    </ClInclude>
    <ClInclude Include="..\..\include\extras\ArrayBase.hpp">
      <Filter>Includes\extras</Filter>
    </ClInclude>
    <ClInclude Include="..\..\include\extras\string_extras.hpp">
      <Filter>Includes\extras</Filter>
    </ClInclude>
    <ClInclude Include="..\..\include\extras\cmex\mexextras.hpp">
      <Filter>Includes\extras\cmex</Filter>
    </ClInclude>
    <ClInclude Include="..\..\include\extras\cmex\mxArrayGroup.hpp">
      <Filter>Includes\extras\cmex</Filter>
    </ClInclude>
    <ClInclude Include="..\..\include\extras\cmex\mxClassIDhelpers.hpp">
      <Filter>Includes\extras\cmex</Filter>
    </ClInclude>
    <ClInclude Include="..\..\include\extras\cmex\mxobject.hpp">
      <Filter>Includes\extras\cmex</Filter>
    </ClInclude>
    <ClInclude Include="..\..\include\extras\cmex\mxparamparse.hpp">
      <Filter>Includes\extras\cmex</Filter>
    </ClInclude>
    <ClInclude Include="..\..\include\extras\cmex\NumericArray.hpp">
      <Filter>Includes\extras\cmex</Filter>
    </ClInclude>
    <ClInclude Include="..\..\include\extras\cmex\type2ClassID.hpp">
      <Filter>Includes\extras\cmex</Filter>
    </ClInclude>
    <ClInclude Include="..\..\include\extras\async\AsyncProcessor.hpp">
      <Filter>Includes\extras\async</Filter>
    </ClInclude>
    <ClInclude Include="..\..\include\extras\async\PersistentArgsProcessor.hpp">
      <Filter>Includes\extras\async</Filter>
    </ClInclude>
    <ClInclude Include="..\..\include\extras\SessionManager\mexDispatch.h">
      <Filter>Includes\extras\SessionManager</Filter>
    </ClInclude>
    <ClInclude Include="..\..\include\extras\SessionManager\mexInterface.hpp">
      <Filter>Includes\extras\SessionManager</Filter>
    </ClInclude>
    <ClInclude Include="..\..\include\extras\SessionManager\ObjectManager.h">
      <Filter>Includes\extras\SessionManager</Filter>
    </ClInclude>
  </ItemGroup>
</Project>