<?xml version="1.0" encoding="utf-8"?>
<Project ToolsVersion="4.0" xmlns="http://schemas.microsoft.com/developer/msbuild/2003">
  <ItemGroup>
    <Filter Include="Source Files">
      <UniqueIdentifier>{4FC737F1-C7A5-4376-A066-2A32D752A2FF}</UniqueIdentifier>
      <Extensions>cpp;c;cc;cxx;def;odl;idl;hpj;bat;asm;asmx</Extensions>
    </Filter>
    <Filter Include="Header Files">
      <UniqueIdentifier>{93995380-89BD-4b04-88EB-625FBE52EBFB}</UniqueIdentifier>
      <Extensions>h;hh;hpp;hxx;hm;inl;inc;xsd</Extensions>
    </Filter>
    <Filter Include="Resource Files">
      <UniqueIdentifier>{67DA6AB6-F800-4c08-8B7A-83BB121AAD01}</UniqueIdentifier>
      <Extensions>rc;ico;cur;bmp;dlg;rc2;rct;bin;rgs;gif;jpg;jpeg;jpe;resx;tiff;tif;png;wav;mfcribbon-ms</Extensions>
    </Filter>
    <Filter Include="include">
      <UniqueIdentifier>{3328a81a-de54-482a-bc33-6937ae9be812}</UniqueIdentifier>
    </Filter>
    <Filter Include="include\mxfile">
      <UniqueIdentifier>{7f181ac4-fa4b-4712-94e0-28f79bc8122f}</UniqueIdentifier>
    </Filter>
    <Filter Include="include\extras">
      <UniqueIdentifier>{2756c45c-aa48-431a-a74f-2567b12c76c8}</UniqueIdentifier>
    </Filter>
  </ItemGroup>
  <ItemGroup>
    <ClCompile Include="mxfile_writer.cpp">
      <Filter>Source Files</Filter>
    </ClCompile>
    <ClCompile Include="mxfile_reader.cpp">
      <Filter>Source Files</Filter>
    </ClCompile>
  </ItemGroup>
  <ItemGroup>
    <ClInclude Include="..\..\include\extras\mxfile\mxfile_writer.hpp">
      <Filter>include\mxfile</Filter>
    </ClInclude>
    <ClInclude Include="..\..\include\extras\mxfile\mxfile_reader.hpp">
      <Filter>include\mxfile</Filter>
    </ClInclude>
  </ItemGroup>
</Project>