<?xml version="1.0" encoding="utf-8"?>
<Project ToolsVersion="4.0" xmlns="http://schemas.microsoft.com/developer/msbuild/2003">
  <ItemGroup>
    <Filter Include="Source Files">
      <UniqueIdentifier>{4FC737F1-C7A5-4376-A066-2A32D752A2FF}</UniqueIdentifier>
      <Extensions>cpp;c;cc;cxx;def;odl;idl;hpj;bat;asm;asmx</Extensions>
    </Filter>
    <Filter Include="Header Files">
      <UniqueIdentifier>{93995380-89BD-4b04-88EB-625FBE52EBFB}</UniqueIdentifier>
      <Extensions>h;hh;hpp;hxx;hm;inl;inc;xsd</Extensions>
    </Filter>
    <Filter Include="Resource Files">
      <UniqueIdentifier>{67DA6AB6-F800-4c08-8B7A-83BB121AAD01}</UniqueIdentifier>
      <Extensions>rc;ico;cur;bmp;dlg;rc2;rct;bin;rgs;gif;jpg;jpeg;jpe;resx;tiff;tif;png;wav;mfcribbon-ms</Extensions>
    </Filter>
    <Filter Include="Includes">
      <UniqueIdentifier>{ff6bf216-32aa-4084-9015-b3073adacf72}</UniqueIdentifier>
    </Filter>
    <Filter Include="Includes\extras">
      <UniqueIdentifier>{1735419c-e01c-4f68-a53b-304550cf8ad5}</UniqueIdentifier>
    </Filter>
    <Filter Include="Includes\extras\async">
      <UniqueIdentifier>{cb849962-c6d5-47c6-a6c2-b95012046a42}</UniqueIdentifier>
    </Filter>
    <Filter Include="Includes\extras\cmex">
      <UniqueIdentifier>{028c28a4-6e2b-49f5-be3b-2b0fa7e3dff6}</UniqueIdentifier>
    </Filter>
    <Filter Include="Includes\extras\SessionManager">
      <UniqueIdentifier>{a8c56184-0e72-44e9-a168-11fa27fb0341}</UniqueIdentifier>
    </Filter>
  </ItemGroup>
  <ItemGroup>
    <ClInclude Include="..\..\include\extras\async\AsyncProcessor.hpp">
      <Filter>Includes\extras\async</Filter>
    </ClInclude>
    <ClInclude Include="..\..\include\extras\async\PersistentArgsProcessor.hpp">
      <Filter>Includes\extras\async</Filter>
    </ClInclude>
    <ClInclude Include="..\..\include\extras\SessionManager\mexDispatch.h">
      <Filter>Includes\extras\SessionManager</Filter>
    </ClInclude>
    <ClInclude Include="..\..\include\extras\SessionManager\mexInterface.hpp">
      <Filter>Includes\extras\SessionManager</Filter>
    </ClInclude>
    <ClInclude Include="..\..\include\extras\SessionManager\ObjectManager.h">
      <Filter>Includes\extras\SessionManager</Filter>
    </ClInclude>
    <ClInclude Include="..\..\include\extras\async\ParamProcessor.hpp">
      <Filter>Includes\extras\async</Filter>
    </ClInclude>
    <ClInclude Include="..\..\include\extras\cmex\mexextras.hpp">
      <Filter>Includes\extras\cmex</Filter>
    </ClInclude>
    <ClInclude Include="..\..\include\extras\cmex\mxArrayGroup.hpp">
      <Filter>Includes\extras\cmex</Filter>
    </ClInclude>
    <ClInclude Include="..\..\include\extras\cmex\MxCellArray.hpp">
      <Filter>Includes\extras\cmex</Filter>
    </ClInclude>
    <ClInclude Include="..\..\include\extras\cmex\mxClassIDhelpers.hpp">
      <Filter>Includes\extras\cmex</Filter>
    </ClInclude>
    <ClInclude Include="..\..\include\extras\cmex\MxObject.hpp">
      <Filter>Includes\extras\cmex</Filter>
    </ClInclude>
    <ClInclude Include="..\..\include\extras\cmex\mxparamparse.hpp">
      <Filter>Includes\extras\cmex</Filter>
    </ClInclude>
    <ClInclude Include="..\..\include\extras\cmex\MxStruct.hpp">
      <Filter>Includes\extras\cmex</Filter>
    </ClInclude>
    <ClInclude Include="..\..\include\extras\cmex\NumericArray.hpp">
      <Filter>Includes\extras\cmex</Filter>
    </ClInclude>
    <ClInclude Include="..\..\include\extras\cmex\PersistentMxArray.hpp">
      <Filter>Includes\extras\cmex</Filter>
    </ClInclude>
    <ClInclude Include="..\..\include\extras\cmex\type2ClassID.hpp">
      <Filter>Includes\extras\cmex</Filter>
    </ClInclude>
    <ClInclude Include="..\..\include\extras\cmex\PersistentMxMap.hpp">
      <Filter>Includes\extras\cmex</Filter>
    </ClInclude>
  </ItemGroup>
  <ItemGroup>
    <ClCompile Include="..\..\+Async\+Example\+ParamProcessor\ExampleParamProcessor.cpp">
      <Filter>Source Files</Filter>
    </ClCompile>
  </ItemGroup>
</Project>