<?xml version="1.0" encoding="utf-8"?>
<Project ToolsVersion="4.0" xmlns="http://schemas.microsoft.com/developer/msbuild/2003">
  <ItemGroup>
    <Filter Include="Source Files">
      <UniqueIdentifier>{4FC737F1-C7A5-4376-A066-2A32D752A2FF}</UniqueIdentifier>
      <Extensions>cpp;c;cc;cxx;def;odl;idl;hpj;bat;asm;asmx</Extensions>
    </Filter>
    <Filter Include="Header Files">
      <UniqueIdentifier>{93995380-89BD-4b04-88EB-625FBE52EBFB}</UniqueIdentifier>
      <Extensions>h;hh;hpp;hxx;hm;inl;inc;xsd</Extensions>
    </Filter>
    <Filter Include="Resource Files">
      <UniqueIdentifier>{67DA6AB6-F800-4c08-8B7A-83BB121AAD01}</UniqueIdentifier>
      <Extensions>rc;ico;cur;bmp;dlg;rc2;rct;bin;rgs;gif;jpg;jpeg;jpe;resx;tiff;tif;png;wav;mfcribbon-ms</Extensions>
    </Filter>
    <Filter Include="Header Files\ExtrasToolbox">
      <UniqueIdentifier>{2edc2a2c-43d1-4c40-b803-c21e616d8b50}</UniqueIdentifier>
    </Filter>
    <Filter Include="Header Files\ExtrasToolbox\abstract">
      <UniqueIdentifier>{13f240d9-4231-4fdd-bfd9-4574b1b5e3aa}</UniqueIdentifier>
    </Filter>
    <Filter Include="Header Files\ExtrasToolbox\async">
      <UniqueIdentifier>{c039856d-498f-4bd0-8434-ed8e1a8dbb51}</UniqueIdentifier>
    </Filter>
    <Filter Include="Header Files\ExtrasToolbox\async\mixins">
      <UniqueIdentifier>{f6e1e8fc-3854-44ad-bf42-bd15694e71e1}</UniqueIdentifier>
    </Filter>
    <Filter Include="Header Files\ExtrasToolbox\cmex">
      <UniqueIdentifier>{9f9b1f8b-3fa2-4c37-bdbf-8e9905141a74}</UniqueIdentifier>
    </Filter>
    <Filter Include="Header Files\ExtrasToolbox\fileio">
      <UniqueIdentifier>{576dfbf4-a6c4-4da0-bfb9-a367c06ced65}</UniqueIdentifier>
    </Filter>
    <Filter Include="Header Files\ExtrasToolbox\mxfile">
      <UniqueIdentifier>{19a263fb-1b50-4fc2-8b13-2d647779f32a}</UniqueIdentifier>
    </Filter>
    <Filter Include="Header Files\ExtrasToolbox\SessionManager">
      <UniqueIdentifier>{37259e8f-f5cd-486d-9b22-d4147704d700}</UniqueIdentifier>
    </Filter>
    <Filter Include="Header Files\ExtrasToolbox\SessionManager\mixins">
      <UniqueIdentifier>{bda1349d-fa9e-4698-882b-677bd91eb5ec}</UniqueIdentifier>
    </Filter>
  </ItemGroup>
  <ItemGroup>
    <ClCompile Include="mexObjectInterfaceTest.cpp">
      <Filter>Source Files</Filter>
    </ClCompile>
    <ClCompile Include="..\..\include\extras\SessionManager\mixins\ErrorHandlerInterface.hpp">
      <Filter>Header Files\ExtrasToolbox\SessionManager\mixins</Filter>
    </ClCompile>
  </ItemGroup>
  <ItemGroup>
    <ClInclude Include="..\..\include\extras\MatlabTime.hpp">
      <Filter>Header Files\ExtrasToolbox</Filter>
    </ClInclude>
    <ClInclude Include="..\..\include\extras\abstract\FileWriter.hpp">
      <Filter>Header Files\ExtrasToolbox\abstract</Filter>
    </ClInclude>
    <ClInclude Include="..\..\include\extras\async\AsyncProcessor.hpp">
      <Filter>Header Files\ExtrasToolbox\async</Filter>
    </ClInclude>
    <ClInclude Include="..\..\include\extras\async\AsyncProcessorWithWriter.hpp">
      <Filter>Header Files\ExtrasToolbox\async</Filter>
    </ClInclude>
    <ClInclude Include="..\..\include\extras\async\ParamProcessor.hpp">
      <Filter>Header Files\ExtrasToolbox\async</Filter>
    </ClInclude>
    <ClInclude Include="..\..\include\extras\async\ParamProcessor_nowriter.hpp">
      <Filter>Header Files\ExtrasToolbox\async</Filter>
    </ClInclude>
    <ClInclude Include="..\..\include\extras\async\PersistentArgsProcessor.hpp">
      <Filter>Header Files\ExtrasToolbox\async</Filter>
    </ClInclude>
    <ClInclude Include="..\..\include\extras\async\mixins\mexResultListInterface.hpp">
      <Filter>Header Files\ExtrasToolbox\async\mixins</Filter>
    </ClInclude>
    <ClInclude Include="..\..\include\extras\async\mixins\mexTaskQueueInterface.hpp">
      <Filter>Header Files\ExtrasToolbox\async\mixins</Filter>
    </ClInclude>
    <ClInclude Include="..\..\include\extras\cmex\mexextras.hpp">
      <Filter>Header Files\ExtrasToolbox\cmex</Filter>
    </ClInclude>
    <ClInclude Include="..\..\include\extras\cmex\mxArrayGroup.hpp">
      <Filter>Header Files\ExtrasToolbox\cmex</Filter>
    </ClInclude>
    <ClInclude Include="..\..\include\extras\cmex\MxCellArray.hpp">
      <Filter>Header Files\ExtrasToolbox\cmex</Filter>
    </ClInclude>
    <ClInclude Include="..\..\include\extras\cmex\mxClassIDhelpers.hpp">
      <Filter>Header Files\ExtrasToolbox\cmex</Filter>
    </ClInclude>
    <ClInclude Include="..\..\include\extras\cmex\mxobject.hpp">
      <Filter>Header Files\ExtrasToolbox\cmex</Filter>
    </ClInclude>
    <ClInclude Include="..\..\include\extras\cmex\mxobject_old.hpp">
      <Filter>Header Files\ExtrasToolbox\cmex</Filter>
    </ClInclude>
    <ClInclude Include="..\..\include\extras\cmex\mxparamparse.hpp">
      <Filter>Header Files\ExtrasToolbox\cmex</Filter>
    </ClInclude>
    <ClInclude Include="..\..\include\extras\cmex\MxStruct.hpp">
      <Filter>Header Files\ExtrasToolbox\cmex</Filter>
    </ClInclude>
    <ClInclude Include="..\..\include\extras\cmex\MxWrapper.hpp">
      <Filter>Header Files\ExtrasToolbox\cmex</Filter>
    </ClInclude>
    <ClInclude Include="..\..\include\extras\cmex\NumericArray - Copy.hpp">
      <Filter>Header Files\ExtrasToolbox\cmex</Filter>
    </ClInclude>
    <ClInclude Include="..\..\include\extras\cmex\NumericArray.hpp">
      <Filter>Header Files\ExtrasToolbox\cmex</Filter>
    </ClInclude>
    <ClInclude Include="..\..\include\extras\cmex\NumericArray_orig.hpp">
      <Filter>Header Files\ExtrasToolbox\cmex</Filter>
    </ClInclude>
    <ClInclude Include="..\..\include\extras\cmex\PersistentMxArray.hpp">
      <Filter>Header Files\ExtrasToolbox\cmex</Filter>
    </ClInclude>
    <ClInclude Include="..\..\include\extras\cmex\PersistentMxMap.hpp">
      <Filter>Header Files\ExtrasToolbox\cmex</Filter>
    </ClInclude>
    <ClInclude Include="..\..\include\extras\cmex\type2ClassID.hpp">
      <Filter>Header Files\ExtrasToolbox\cmex</Filter>
    </ClInclude>
    <ClInclude Include="..\..\include\extras\fileio\AsyncCSVWriter.hpp">
      <Filter>Header Files\ExtrasToolbox\fileio</Filter>
    </ClInclude>
    <ClInclude Include="..\..\include\extras\fileio\AsyncFile.hpp">
      <Filter>Header Files\ExtrasToolbox\fileio</Filter>
    </ClInclude>
    <ClInclude Include="..\..\include\extras\fileio\FileHandler.hpp">
      <Filter>Header Files\ExtrasToolbox\fileio</Filter>
    </ClInclude>
    <ClInclude Include="..\..\include\extras\mxfile\mxfile_reader.hpp">
      <Filter>Header Files\ExtrasToolbox\mxfile</Filter>
    </ClInclude>
    <ClInclude Include="..\..\include\extras\mxfile\mxfile_writer.hpp">
      <Filter>Header Files\ExtrasToolbox\mxfile</Filter>
    </ClInclude>
    <ClInclude Include="..\..\include\extras\SessionManager\mexDispatch.h">
      <Filter>Header Files\ExtrasToolbox\SessionManager</Filter>
    </ClInclude>
    <ClInclude Include="..\..\include\extras\SessionManager\mexInterface.hpp">
      <Filter>Header Files\ExtrasToolbox\SessionManager</Filter>
    </ClInclude>
    <ClInclude Include="..\..\include\extras\SessionManager\mexInterfaceManager.hpp">
      <Filter>Header Files\ExtrasToolbox\SessionManager</Filter>
    </ClInclude>
    <ClInclude Include="..\..\include\extras\SessionManager\ObjectManager.h">
      <Filter>Header Files\ExtrasToolbox\SessionManager</Filter>
    </ClInclude>
    <ClInclude Include="..\..\include\extras\SessionManager\mexObjectInterface.hpp">
      <Filter>Header Files\ExtrasToolbox\SessionManager</Filter>
    </ClInclude>
  </ItemGroup>
</Project>